schema: '2.0'
stages:
  ingest:
    cmd: python src/ingest.py
    deps:
    - path: configs/file_manifest.json
      hash: md5
      md5: 583b719c32c31c36eaa775f54e92287f
      size: 2026
    - path: data/raw/loadcore
      hash: md5
      md5: 69b3ba27335179c1f18dc8055a8e05a9.dir
      size: 65017095
      nfiles: 220
    - path: data/raw/scaphandre
      hash: md5
      md5: 3670e0e92928a3f6e9faaf3f5a13f5d3.dir
      size: 2662696642
      nfiles: 5
    - path: src/ingest.py
      hash: md5
      md5: 4d24c1f9d2c5c37dec10da396da70607
      size: 6054
    params:
      params.yaml:
        ingest:
          manifest_path: configs/file_manifest.json
          loadcore_zip_dir: data/raw/loadcore
          scaphandre_csv_dir: data/raw/scaphandre
          output_dir: data/interim
    outs:
    - path: data/interim/discovery.json
      hash: md5
      md5: 9dbd39fb000488c639e5794fa93354e6
      size: 68041
    - path: data/interim/loadcore
      hash: md5
      md5: de6e8d4bde43ae164daf054a7817ba51.dir
      size: 11148357
      nfiles: 4180
    - path: data/interim/scaphandre
      hash: md5
      md5: 87b82a44401a7f6a78ea807fdb2a0f17.dir
      size: 2662696393
      nfiles: 4
  merge:
    cmd: python src/merge.py
    deps:
    - path: data/interim/discovery.json
      hash: md5
      md5: 9dbd39fb000488c639e5794fa93354e6
      size: 68041
    - path: data/interim/loadcore
      hash: md5
      md5: de6e8d4bde43ae164daf054a7817ba51.dir
      size: 11148357
      nfiles: 4180
    - path: data/interim/scaphandre
      hash: md5
      md5: 87b82a44401a7f6a78ea807fdb2a0f17.dir
      size: 2662696393
      nfiles: 4
    - path: data/raw/scaphandre
      hash: md5
      md5: 3670e0e92928a3f6e9faaf3f5a13f5d3.dir
      size: 2662696642
      nfiles: 5
    - path: src/merge.py
      hash: md5
      md5: ab49fd74f3a4d492182c45436369ef52
      size: 16877
    params:
      params.yaml:
        merge:
          time_alignment_tolerance_sec: 3
          interim_dir: data/interim
          raw_scaphandre_dir: data/raw/scaphandre
          scaphandre_mapping:
            sd_core_dpdk: dpdk
            oai_userspaceapplication: usr
    outs:
    - path: data/interim/merged.csv
      hash: md5
      md5: 3d6d4c6ec7b7e3f9e18d2482563aa023
      size: 6686604
  featurize:
    cmd: python src/features.py
    deps:
    - path: data/interim/merged.csv
      hash: md5
      md5: 3d6d4c6ec7b7e3f9e18d2482563aa023
      size: 6686604
    - path: src/features.py
      hash: md5
      md5: 7bd9edc0143b47ec52a8b325ea42a3b8
      size: 14061
    params:
      params.yaml:
        features:
          rolling_window_sec: 30
          target: sec_total
          features_output: data/processed/features.csv
    outs:
    - path: data/processed/features.csv
      hash: md5
      md5: 04497319167520a102d66985238ad005
      size: 4578338
  train:
    cmd: python src/train.py
    deps:
    - path: data/processed/features.csv
      hash: md5
      md5: 04497319167520a102d66985238ad005
      size: 4578338
    - path: src/train.py
      hash: md5
      md5: 95a7ec21ea37f02aa3f1ee837f56e9e4
      size: 21885
    params:
      params.yaml:
        train:
          target: power_watts
          test_split: 0.2
          random_state: 42
          usr_safe_threshold_gbps: 0.5
          cv_folds: 5
          search_n_iter: 20
          models:
          - ridge
          - random_forest
          - gradient_boosting
          layer1_targets:
          - throughput_gbps
          - cpu_pct
          - gtpu_packets_dn__packets_lost_delta
          - downlink_one_way_delay_distribution__weighted_mean_delay_us
          layer1_features:
          - gtpu_kbitss_dn__kbits_tx_s
          - gtpu_kbitss_ngran__gtpu_kbits_tx_s
          - gtpu_packets_dn__packets_tx_delta
          - gtpu_packets_ngran__gtpu_packets_tx_delta
          - user_plane_throughput__l2_3_device_tx_traffic
          - avg_packet_size_bytes
          - l2l3_overhead_ratio
          lite_features:
          - gtpu_kbitss_dn__kbits_tx_s
          - gtpu_kbitss_ngran__gtpu_kbits_tx_s
          adapter:
            c_max_dl_gbps: 10.0
            c_max_ul_gbps: 10.0
            avg_packet_size_bytes: 1250
            interval_sec: 3
          leakage_cols:
          - power_watts
          - net_power_watts
          - sec_total
          - sec_net
          - power_watts_roll_mean_30s
          - power_watts_roll_std_30s
          - power_watts_roll_max_30s
          - cpu_per_watt
          - idle_cpu_pct
          - is_dpdk
    outs:
    - path: models/
      hash: md5
      md5: a92ad2caa7f058b85e582261594b17b4.dir
      size: 48886108
      nfiles: 32
    - path: reports/metrics.json
      hash: md5
      md5: 6388a0d94c90010a1ffcb129b9634cc1
      size: 365
  evaluate:
    cmd: python src/evaluate.py
    deps:
    - path: data/processed/features.csv
      hash: md5
      md5: 04497319167520a102d66985238ad005
      size: 4578338
    - path: models/
      hash: md5
      md5: a92ad2caa7f058b85e582261594b17b4.dir
      size: 48886108
      nfiles: 32
    - path: src/evaluate.py
      hash: md5
      md5: 226d182f7f0b06a1a1dddd73d69f44df
      size: 31053
    params:
      params.yaml:
        train:
          target: power_watts
          test_split: 0.2
          random_state: 42
          usr_safe_threshold_gbps: 0.5
          cv_folds: 5
          search_n_iter: 20
          models:
          - ridge
          - random_forest
          - gradient_boosting
          layer1_targets:
          - throughput_gbps
          - cpu_pct
          - gtpu_packets_dn__packets_lost_delta
          - downlink_one_way_delay_distribution__weighted_mean_delay_us
          layer1_features:
          - gtpu_kbitss_dn__kbits_tx_s
          - gtpu_kbitss_ngran__gtpu_kbits_tx_s
          - gtpu_packets_dn__packets_tx_delta
          - gtpu_packets_ngran__gtpu_packets_tx_delta
          - user_plane_throughput__l2_3_device_tx_traffic
          - avg_packet_size_bytes
          - l2l3_overhead_ratio
          lite_features:
          - gtpu_kbitss_dn__kbits_tx_s
          - gtpu_kbitss_ngran__gtpu_kbits_tx_s
          adapter:
            c_max_dl_gbps: 10.0
            c_max_ul_gbps: 10.0
            avg_packet_size_bytes: 1250
            interval_sec: 3
          leakage_cols:
          - power_watts
          - net_power_watts
          - sec_total
          - sec_net
          - power_watts_roll_mean_30s
          - power_watts_roll_std_30s
          - power_watts_roll_max_30s
          - cpu_per_watt
          - idle_cpu_pct
          - is_dpdk
    outs:
    - path: reports/figures/fig10_algo_comparison_l2.png
      hash: md5
      md5: 20ee1926f07ab17933d5412015469955
      size: 65707
    - path: reports/figures/fig11_algo_comparison_l1.png
      hash: md5
      md5: 808dc91905fc4da9d41d58d1fad40a51
      size: 162778
    - path: reports/figures/fig12_interpretability.png
      hash: md5
      md5: 8a25e53de5e63a49af229428b4c79838
      size: 167386
    - path: reports/figures/fig13_variant_summary.png
      hash: md5
      md5: 0f72f148d928fac57d9a7de29c22feee
      size: 218488
    - path: reports/figures/fig8_predicted_vs_actual.png
      hash: md5
      md5: d049bf730fba301ed8dee785f1f63048
      size: 115134
    - path: reports/figures/fig9_r2_heatmap.png
      hash: md5
      md5: fe695916b368e76015440bfc9a3a64d6
      size: 68535
